
Microsoft Visual Studio Solution File, Format Version 12.00
# Visual Studio Version 16
VisualStudioVersion = 16.0.30114.105
MinimumVisualStudioVersion = 10.0.40219.1
Project("{FAE04EC0-301F-11D3-BF4B-00C04F79EFBC}") = "CodeChallenge", "CodeChallenge.csproj", "{3BAD37AC-32EF-428F-A1DE-CD3F125A5AFE}"
EndProject
Project("{FAE04EC0-301F-11D3-BF4B-00C04F79EFBC}") = "CodeChallenge.Tests", "..\CodeChallenge.Tests\CodeChallenge.Tests.csproj", "{D833B210-89E6-4CE2-B75E-27F8D017A8A0}"
EndProject
Global
	GlobalSection(SolutionConfigurationPlatforms) = preSolution
		Debug|Any CPU = Debug|Any CPU
		Release|Any CPU = Release|Any CPU
	EndGlobalSection
	GlobalSection(ProjectConfigurationPlatforms) = postSolution
		{3BAD37AC-32EF-428F-A1DE-CD3F125A5AFE}.Debug|Any CPU.ActiveCfg = Debug|Any CPU
		{3BAD37AC-32EF-428F-A1DE-CD3F125A5AFE}.Debug|Any CPU.Build.0 = Debug|Any CPU
		{3BAD37AC-32EF-428F-A1DE-CD3F125A5AFE}.Release|Any CPU.ActiveCfg = Release|Any CPU
		{3BAD37AC-32EF-428F-A1DE-CD3F125A5AFE}.Release|Any CPU.Build.0 = Release|Any CPU
		{D833B210-89E6-4CE2-B75E-27F8D017A8A0}.Debug|Any CPU.ActiveCfg = Debug|Any CPU
		{D833B210-89E6-4CE2-B75E-27F8D017A8A0}.Debug|Any CPU.Build.0 = Debug|Any CPU
		{D833B210-89E6-4CE2-B75E-27F8D017A8A0}.Release|Any CPU.ActiveCfg = Release|Any CPU
		{D833B210-89E6-4CE2-B75E-27F8D017A8A0}.Release|Any CPU.Build.0 = Release|Any CPU
	EndGlobalSection
	GlobalSection(SolutionProperties) = preSolution
		HideSolutionNode = FALSE
	EndGlobalSection
	GlobalSection(ExtensibilityGlobals) = postSolution
		SolutionGuid = {F8CE57F1-7BD0-423D-BC6A-83EB13525E44}
	EndGlobalSection
EndGlobal
